// !$*UTF8*$!
{
	archiveVersion = 1;
	classes = {
	};
	objectVersion = 46;
	objects = {

/* Begin PBXBuildFile section */
		DF673E311BF1268B008B3C6C /* AppDelegate.swift in Sources */ = {isa = PBXBuildFile; fileRef = DF673E301BF1268B008B3C6C /* AppDelegate.swift */; };
		DF673E331BF1268B008B3C6C /* ViewController.swift in Sources */ = {isa = PBXBuildFile; fileRef = DF673E321BF1268B008B3C6C /* ViewController.swift */; };
		DF673E361BF1268B008B3C6C /* Main.storyboard in Resources */ = {isa = PBXBuildFile; fileRef = DF673E341BF1268B008B3C6C /* Main.storyboard */; };
		DF673E381BF1268B008B3C6C /* Assets.xcassets in Resources */ = {isa = PBXBuildFile; fileRef = DF673E371BF1268B008B3C6C /* Assets.xcassets */; };
		DF673E3B1BF1268B008B3C6C /* LaunchScreen.storyboard in Resources */ = {isa = PBXBuildFile; fileRef = DF673E391BF1268B008B3C6C /* LaunchScreen.storyboard */; };
		DF673E461BF1268B008B3C6C /* SECH_BrowserTests.swift in Sources */ = {isa = PBXBuildFile; fileRef = DF673E451BF1268B008B3C6C /* SECH_BrowserTests.swift */; };
		DF673E511BF1268B008B3C6C /* SECH_BrowserUITests.swift in Sources */ = {isa = PBXBuildFile; fileRef = DF673E501BF1268B008B3C6C /* SECH_BrowserUITests.swift */; };
/* End PBXBuildFile section */

/* Begin PBXContainerItemProxy section */
		DF673E421BF1268B008B3C6C /* PBXContainerItemProxy */ = {
			isa = PBXContainerItemProxy;
			containerPortal = DF673E251BF1268B008B3C6C /* Project object */;
			proxyType = 1;
			remoteGlobalIDString = DF673E2C1BF1268B008B3C6C;
			remoteInfo = "SECH Browser";
		};
		DF673E4D1BF1268B008B3C6C /* PBXContainerItemProxy */ = {
			isa = PBXContainerItemProxy;
			containerPortal = DF673E251BF1268B008B3C6C /* Project object */;
			proxyType = 1;
			remoteGlobalIDString = DF673E2C1BF1268B008B3C6C;
			remoteInfo = "SECH Browser";
		};
/* End PBXContainerItemProxy section */

/* Begin PBXFileReference section */
		DF673E2D1BF1268B008B3C6C /* SECH Browser.app */ = {isa = PBXFileReference; explicitFileType = wrapper.application; includeInIndex = 0; path = "SECH Browser.app"; sourceTree = BUILT_PRODUCTS_DIR; };
		DF673E301BF1268B008B3C6C /* AppDelegate.swift */ = {isa = PBXFileReference; lastKnownFileType = sourcecode.swift; path = AppDelegate.swift; sourceTree = "<group>"; };
		DF673E321BF1268B008B3C6C /* ViewController.swift */ = {isa = PBXFileReference; lastKnownFileType = sourcecode.swift; path = ViewController.swift; sourceTree = "<group>"; };
		DF673E351BF1268B008B3C6C /* Base */ = {isa = PBXFileReference; lastKnownFileType = file.storyboard; name = Base; path = Base.lproj/Main.storyboard; sourceTree = "<group>"; };
		DF673E371BF1268B008B3C6C /* Assets.xcassets */ = {isa = PBXFileReference; lastKnownFileType = folder.assetcatalog; path = Assets.xcassets; sourceTree = "<group>"; };
		DF673E3A1BF1268B008B3C6C /* Base */ = {isa = PBXFileReference; lastKnownFileType = file.storyboard; name = Base; path = Base.lproj/LaunchScreen.storyboard; sourceTree = "<group>"; };
		DF673E3C1BF1268B008B3C6C /* Info.plist */ = {isa = PBXFileReference; lastKnownFileType = text.plist.xml; path = Info.plist; sourceTree = "<group>"; };
		DF673E411BF1268B008B3C6C /* SECH BrowserTests.xctest */ = {isa = PBXFileReference; explicitFileType = wrapper.cfbundle; includeInIndex = 0; path = "SECH BrowserTests.xctest"; sourceTree = BUILT_PRODUCTS_DIR; };
		DF673E451BF1268B008B3C6C /* SECH_BrowserTests.swift */ = {isa = PBXFileReference; lastKnownFileType = sourcecode.swift; path = SECH_BrowserTests.swift; sourceTree = "<group>"; };
		DF673E471BF1268B008B3C6C /* Info.plist */ = {isa = PBXFileReference; lastKnownFileType = text.plist.xml; path = Info.plist; sourceTree = "<group>"; };
		DF673E4C1BF1268B008B3C6C /* SECH BrowserUITests.xctest */ = {isa = PBXFileReference; explicitFileType = wrapper.cfbundle; includeInIndex = 0; path = "SECH BrowserUITests.xctest"; sourceTree = BUILT_PRODUCTS_DIR; };
		DF673E501BF1268B008B3C6C /* SECH_BrowserUITests.swift */ = {isa = PBXFileReference; lastKnownFileType = sourcecode.swift; path = SECH_BrowserUITests.swift; sourceTree = "<group>"; };
		DF673E521BF1268B008B3C6C /* Info.plist */ = {isa = PBXFileReference; lastKnownFileType = text.plist.xml; path = Info.plist; sourceTree = "<group>"; };
/* End PBXFileReference section */

/* Begin PBXFrameworksBuildPhase section */
		DF673E2A1BF1268B008B3C6C /* Frameworks */ = {
			isa = PBXFrameworksBuildPhase;
			buildActionMask = 2147483647;
			files = (
			);
			runOnlyForDeploymentPostprocessing = 0;
		};
		DF673E3E1BF1268B008B3C6C /* Frameworks */ = {
			isa = PBXFrameworksBuildPhase;
			buildActionMask = 2147483647;
			files = (
			);
			runOnlyForDeploymentPostprocessing = 0;
		};
		DF673E491BF1268B008B3C6C /* Frameworks */ = {
			isa = PBXFrameworksBuildPhase;
			buildActionMask = 2147483647;
			files = (
			);
			runOnlyForDeploymentPostprocessing = 0;
		};
/* End PBXFrameworksBuildPhase section */

/* Begin PBXGroup section */
		DF673E241BF1268B008B3C6C = {
			isa = PBXGroup;
			children = (
				DF673E2F1BF1268B008B3C6C /* SECH Browser */,
				DF673E441BF1268B008B3C6C /* SECH BrowserTests */,
				DF673E4F1BF1268B008B3C6C /* SECH BrowserUITests */,
				DF673E2E1BF1268B008B3C6C /* Products */,
			);
			sourceTree = "<group>";
		};
		DF673E2E1BF1268B008B3C6C /* Products */ = {
			isa = PBXGroup;
			children = (
				DF673E2D1BF1268B008B3C6C /* SECH Browser.app */,
				DF673E411BF1268B008B3C6C /* SECH BrowserTests.xctest */,
				DF673E4C1BF1268B008B3C6C /* SECH BrowserUITests.xctest */,
			);
			name = Products;
			sourceTree = "<group>";
		};
		DF673E2F1BF1268B008B3C6C /* SECH Browser */ = {
			isa = PBXGroup;
			children = (
				DF673E301BF1268B008B3C6C /* AppDelegate.swift */,
				DF673E321BF1268B008B3C6C /* ViewController.swift */,
				DF673E341BF1268B008B3C6C /* Main.storyboard */,
				DF673E371BF1268B008B3C6C /* Assets.xcassets */,
				DF673E391BF1268B008B3C6C /* LaunchScreen.storyboard */,
				DF673E3C1BF1268B008B3C6C /* Info.plist */,
			);
			path = "SECH Browser";
			sourceTree = "<group>";
		};
		DF673E441BF1268B008B3C6C /* SECH BrowserTests */ = {
			isa = PBXGroup;
			children = (
				DF673E451BF1268B008B3C6C /* SECH_BrowserTests.swift */,
				DF673E471BF1268B008B3C6C /* Info.plist */,
			);
			path = "SECH BrowserTests";
			sourceTree = "<group>";
		};
		DF673E4F1BF1268B008B3C6C /* SECH BrowserUITests */ = {
			isa = PBXGroup;
			children = (
				DF673E501BF1268B008B3C6C /* SECH_BrowserUITests.swift */,
				DF673E521BF1268B008B3C6C /* Info.plist */,
			);
			path = "SECH BrowserUITests";
			sourceTree = "<group>";
		};
/* End PBXGroup section */

/* Begin PBXNativeTarget section */
		DF673E2C1BF1268B008B3C6C /* SECH Browser */ = {
			isa = PBXNativeTarget;
			buildConfigurationList = DF673E551BF1268B008B3C6C /* Build configuration list for PBXNativeTarget "SECH Browser" */;
			buildPhases = (
				DF673E291BF1268B008B3C6C /* Sources */,
				DF673E2A1BF1268B008B3C6C /* Frameworks */,
				DF673E2B1BF1268B008B3C6C /* Resources */,
			);
			buildRules = (
			);
			dependencies = (
			);
			name = "SECH Browser";
			productName = "SECH Browser";
			productReference = DF673E2D1BF1268B008B3C6C /* SECH Browser.app */;
			productType = "com.apple.product-type.application";
		};
		DF673E401BF1268B008B3C6C /* SECH BrowserTests */ = {
			isa = PBXNativeTarget;
			buildConfigurationList = DF673E581BF1268B008B3C6C /* Build configuration list for PBXNativeTarget "SECH BrowserTests" */;
			buildPhases = (
				DF673E3D1BF1268B008B3C6C /* Sources */,
				DF673E3E1BF1268B008B3C6C /* Frameworks */,
				DF673E3F1BF1268B008B3C6C /* Resources */,
			);
			buildRules = (
			);
			dependencies = (
				DF673E431BF1268B008B3C6C /* PBXTargetDependency */,
			);
			name = "SECH BrowserTests";
			productName = "SECH BrowserTests";
			productReference = DF673E411BF1268B008B3C6C /* SECH BrowserTests.xctest */;
			productType = "com.apple.product-type.bundle.unit-test";
		};
		DF673E4B1BF1268B008B3C6C /* SECH BrowserUITests */ = {
			isa = PBXNativeTarget;
			buildConfigurationList = DF673E5B1BF1268B008B3C6C /* Build configuration list for PBXNativeTarget "SECH BrowserUITests" */;
			buildPhases = (
				DF673E481BF1268B008B3C6C /* Sources */,
				DF673E491BF1268B008B3C6C /* Frameworks */,
				DF673E4A1BF1268B008B3C6C /* Resources */,
			);
			buildRules = (
			);
			dependencies = (
				DF673E4E1BF1268B008B3C6C /* PBXTargetDependency */,
			);
			name = "SECH BrowserUITests";
			productName = "SECH BrowserUITests";
			productReference = DF673E4C1BF1268B008B3C6C /* SECH BrowserUITests.xctest */;
			productType = "com.apple.product-type.bundle.ui-testing";
		};
/* End PBXNativeTarget section */

/* Begin PBXProject section */
		DF673E251BF1268B008B3C6C /* Project object */ = {
			isa = PBXProject;
			attributes = {
				LastUpgradeCheck = 0700;
				ORGANIZATIONNAME = "Hof University";
				TargetAttributes = {
					DF673E2C1BF1268B008B3C6C = {
						CreatedOnToolsVersion = 7.0;
					};
					DF673E401BF1268B008B3C6C = {
						CreatedOnToolsVersion = 7.0;
						TestTargetID = DF673E2C1BF1268B008B3C6C;
					};
					DF673E4B1BF1268B008B3C6C = {
						CreatedOnToolsVersion = 7.0;
						TestTargetID = DF673E2C1BF1268B008B3C6C;
					};
				};
			};
			buildConfigurationList = DF673E281BF1268B008B3C6C /* Build configuration list for PBXProject "SECH Browser" */;
			compatibilityVersion = "Xcode 3.2";
			developmentRegion = English;
			hasScannedForEncodings = 0;
			knownRegions = (
				en,
				Base,
			);
			mainGroup = DF673E241BF1268B008B3C6C;
			productRefGroup = DF673E2E1BF1268B008B3C6C /* Products */;
			projectDirPath = "";
			projectRoot = "";
			targets = (
				DF673E2C1BF1268B008B3C6C /* SECH Browser */,
				DF673E401BF1268B008B3C6C /* SECH BrowserTests */,
				DF673E4B1BF1268B008B3C6C /* SECH BrowserUITests */,
			);
		};
/* End PBXProject section */

/* Begin PBXResourcesBuildPhase section */
		DF673E2B1BF1268B008B3C6C /* Resources */ = {
			isa = PBXResourcesBuildPhase;
			buildActionMask = 2147483647;
			files = (
				DF673E3B1BF1268B008B3C6C /* LaunchScreen.storyboard in Resources */,
				DF673E381BF1268B008B3C6C /* Assets.xcassets in Resources */,
				DF673E361BF1268B008B3C6C /* Main.storyboard in Resources */,
			);
			runOnlyForDeploymentPostprocessing = 0;
		};
		DF673E3F1BF1268B008B3C6C /* Resources */ = {
			isa = PBXResourcesBuildPhase;
			buildActionMask = 2147483647;
			files = (
			);
			runOnlyForDeploymentPostprocessing = 0;
		};
		DF673E4A1BF1268B008B3C6C /* Resources */ = {
			isa = PBXResourcesBuildPhase;
			buildActionMask = 2147483647;
			files = (
			);
			runOnlyForDeploymentPostprocessing = 0;
		};
/* End PBXResourcesBuildPhase section */

/* Begin PBXSourcesBuildPhase section */
		DF673E291BF1268B008B3C6C /* Sources */ = {
			isa = PBXSourcesBuildPhase;
			buildActionMask = 2147483647;
			files = (
				DF673E331BF1268B008B3C6C /* ViewController.swift in Sources */,
				DF673E311BF1268B008B3C6C /* AppDelegate.swift in Sources */,
			);
			runOnlyForDeploymentPostprocessing = 0;
		};
		DF673E3D1BF1268B008B3C6C /* Sources */ = {
			isa = PBXSourcesBuildPhase;
			buildActionMask = 2147483647;
			files = (
				DF673E461BF1268B008B3C6C /* SECH_BrowserTests.swift in Sources */,
			);
			runOnlyForDeploymentPostprocessing = 0;
		};
		DF673E481BF1268B008B3C6C /* Sources */ = {
			isa = PBXSourcesBuildPhase;
			buildActionMask = 2147483647;
			files = (
				DF673E511BF1268B008B3C6C /* SECH_BrowserUITests.swift in Sources */,
			);
			runOnlyForDeploymentPostprocessing = 0;
		};
/* End PBXSourcesBuildPhase section */

/* Begin PBXTargetDependency section */
		DF673E431BF1268B008B3C6C /* PBXTargetDependency */ = {
			isa = PBXTargetDependency;
			target = DF673E2C1BF1268B008B3C6C /* SECH Browser */;
			targetProxy = DF673E421BF1268B008B3C6C /* PBXContainerItemProxy */;
		};
		DF673E4E1BF1268B008B3C6C /* PBXTargetDependency */ = {
			isa = PBXTargetDependency;
			target = DF673E2C1BF1268B008B3C6C /* SECH Browser */;
			targetProxy = DF673E4D1BF1268B008B3C6C /* PBXContainerItemProxy */;
		};
/* End PBXTargetDependency section */

/* Begin PBXVariantGroup section */
		DF673E341BF1268B008B3C6C /* Main.storyboard */ = {
			isa = PBXVariantGroup;
			children = (
				DF673E351BF1268B008B3C6C /* Base */,
			);
			name = Main.storyboard;
			sourceTree = "<group>";
		};
		DF673E391BF1268B008B3C6C /* LaunchScreen.storyboard */ = {
			isa = PBXVariantGroup;
			children = (
				DF673E3A1BF1268B008B3C6C /* Base */,
			);
			name = LaunchScreen.storyboard;
			sourceTree = "<group>";
		};
/* End PBXVariantGroup section */

/* Begin XCBuildConfiguration section */
		DF673E531BF1268B008B3C6C /* Debug */ = {
			isa = XCBuildConfiguration;
			buildSettings = {
				ALWAYS_SEARCH_USER_PATHS = NO;
				CLANG_CXX_LANGUAGE_STANDARD = "gnu++0x";
				CLANG_CXX_LIBRARY = "libc++";
				CLANG_ENABLE_MODULES = YES;
				CLANG_ENABLE_OBJC_ARC = YES;
				CLANG_WARN_BOOL_CONVERSION = YES;
				CLANG_WARN_CONSTANT_CONVERSION = YES;
				CLANG_WARN_DIRECT_OBJC_ISA_USAGE = YES_ERROR;
				CLANG_WARN_EMPTY_BODY = YES;
				CLANG_WARN_ENUM_CONVERSION = YES;
				CLANG_WARN_INT_CONVERSION = YES;
				CLANG_WARN_OBJC_ROOT_CLASS = YES_ERROR;
				CLANG_WARN_UNREACHABLE_CODE = YES;
				CLANG_WARN__DUPLICATE_METHOD_MATCH = YES;
				"CODE_SIGN_IDENTITY[sdk=iphoneos*]" = "iPhone Developer";
				COPY_PHASE_STRIP = NO;
				DEBUG_INFORMATION_FORMAT = dwarf;
				ENABLE_STRICT_OBJC_MSGSEND = YES;
				ENABLE_TESTABILITY = YES;
				GCC_C_LANGUAGE_STANDARD = gnu99;
				GCC_DYNAMIC_NO_PIC = NO;
				GCC_NO_COMMON_BLOCKS = YES;
				GCC_OPTIMIZATION_LEVEL = 0;
				GCC_PREPROCESSOR_DEFINITIONS = (
					"DEBUG=1",
					"$(inherited)",
				);
				GCC_WARN_64_TO_32_BIT_CONVERSION = YES;
				GCC_WARN_ABOUT_RETURN_TYPE = YES_ERROR;
				GCC_WARN_UNDECLARED_SELECTOR = YES;
				GCC_WARN_UNINITIALIZED_AUTOS = YES_AGGRESSIVE;
				GCC_WARN_UNUSED_FUNCTION = YES;
				GCC_WARN_UNUSED_VARIABLE = YES;
				IPHONEOS_DEPLOYMENT_TARGET = 9.0;
				MTL_ENABLE_DEBUG_INFO = YES;
				ONLY_ACTIVE_ARCH = YES;
				SDKROOT = iphoneos;
				SWIFT_OPTIMIZATION_LEVEL = "-Onone";
				TARGETED_DEVICE_FAMILY = "1,2";
			};
			name = Debug;
		};
		DF673E541BF1268B008B3C6C /* Release */ = {
			isa = XCBuildConfiguration;
			buildSettings = {
				ALWAYS_SEARCH_USER_PATHS = NO;
				CLANG_CXX_LANGUAGE_STANDARD = "gnu++0x";
				CLANG_CXX_LIBRARY = "libc++";
				CLANG_ENABLE_MODULES = YES;
				CLANG_ENABLE_OBJC_ARC = YES;
				CLANG_WARN_BOOL_CONVERSION = YES;
				CLANG_WARN_CONSTANT_CONVERSION = YES;
				CLANG_WARN_DIRECT_OBJC_ISA_USAGE = YES_ERROR;
				CLANG_WARN_EMPTY_BODY = YES;
				CLANG_WARN_ENUM_CONVERSION = YES;
				CLANG_WARN_INT_CONVERSION = YES;
				CLANG_WARN_OBJC_ROOT_CLASS = YES_ERROR;
				CLANG_WARN_UNREACHABLE_CODE = YES;
				CLANG_WARN__DUPLICATE_METHOD_MATCH = YES;
				"CODE_SIGN_IDENTITY[sdk=iphoneos*]" = "iPhone Developer";
				COPY_PHASE_STRIP = NO;
				DEBUG_INFORMATION_FORMAT = "dwarf-with-dsym";
				ENABLE_NS_ASSERTIONS = NO;
				ENABLE_STRICT_OBJC_MSGSEND = YES;
				GCC_C_LANGUAGE_STANDARD = gnu99;
				GCC_NO_COMMON_BLOCKS = YES;
				GCC_WARN_64_TO_32_BIT_CONVERSION = YES;
				GCC_WARN_ABOUT_RETURN_TYPE = YES_ERROR;
				GCC_WARN_UNDECLARED_SELECTOR = YES;
				GCC_WARN_UNINITIALIZED_AUTOS = YES_AGGRESSIVE;
				GCC_WARN_UNUSED_FUNCTION = YES;
				GCC_WARN_UNUSED_VARIABLE = YES;
				IPHONEOS_DEPLOYMENT_TARGET = 9.0;
				MTL_ENABLE_DEBUG_INFO = NO;
				SDKROOT = iphoneos;
				TARGETED_DEVICE_FAMILY = "1,2";
				VALIDATE_PRODUCT = YES;
			};
			name = Release;
		};
		DF673E561BF1268B008B3C6C /* Debug */ = {
			isa = XCBuildConfiguration;
			buildSettings = {
				ASSETCATALOG_COMPILER_APPICON_NAME = AppIcon;
				INFOPLIST_FILE = "SECH Browser/Info.plist";
				LD_RUNPATH_SEARCH_PATHS = "$(inherited) @executable_path/Frameworks";
				PRODUCT_BUNDLE_IDENTIFIER = "Hof-University.SECH-Browser";
				PRODUCT_NAME = "$(TARGET_NAME)";
			};
			name = Debug;
		};
		DF673E571BF1268B008B3C6C /* Release */ = {
			isa = XCBuildConfiguration;
			buildSettings = {
				ASSETCATALOG_COMPILER_APPICON_NAME = AppIcon;
				INFOPLIST_FILE = "SECH Browser/Info.plist";
				LD_RUNPATH_SEARCH_PATHS = "$(inherited) @executable_path/Frameworks";
				PRODUCT_BUNDLE_IDENTIFIER = "Hof-University.SECH-Browser";
				PRODUCT_NAME = "$(TARGET_NAME)";
			};
			name = Release;
		};
		DF673E591BF1268B008B3C6C /* Debug */ = {
			isa = XCBuildConfiguration;
			buildSettings = {
				BUNDLE_LOADER = "$(TEST_HOST)";
				INFOPLIST_FILE = "SECH BrowserTests/Info.plist";
				LD_RUNPATH_SEARCH_PATHS = "$(inherited) @executable_path/Frameworks @loader_path/Frameworks";
				PRODUCT_BUNDLE_IDENTIFIER = "Hof-University.SECH-BrowserTests";
				PRODUCT_NAME = "$(TARGET_NAME)";
				TEST_HOST = "$(BUILT_PRODUCTS_DIR)/SECH Browser.app/SECH Browser";
			};
			name = Debug;
		};
		DF673E5A1BF1268B008B3C6C /* Release */ = {
			isa = XCBuildConfiguration;
			buildSettings = {
				BUNDLE_LOADER = "$(TEST_HOST)";
				INFOPLIST_FILE = "SECH BrowserTests/Info.plist";
				LD_RUNPATH_SEARCH_PATHS = "$(inherited) @executable_path/Frameworks @loader_path/Frameworks";
				PRODUCT_BUNDLE_IDENTIFIER = "Hof-University.SECH-BrowserTests";
				PRODUCT_NAME = "$(TARGET_NAME)";
				TEST_HOST = "$(BUILT_PRODUCTS_DIR)/SECH Browser.app/SECH Browser";
			};
			name = Release;
		};
		DF673E5C1BF1268B008B3C6C /* Debug */ = {
			isa = XCBuildConfiguration;
			buildSettings = {
				INFOPLIST_FILE = "SECH BrowserUITests/Info.plist";
				LD_RUNPATH_SEARCH_PATHS = "$(inherited) @executable_path/Frameworks @loader_path/Frameworks";
				PRODUCT_BUNDLE_IDENTIFIER = "Hof-University.SECH-BrowserUITests";
				PRODUCT_NAME = "$(TARGET_NAME)";
				TEST_TARGET_NAME = "SECH Browser";
				USES_XCTRUNNER = YES;
			};
			name = Debug;
		};
		DF673E5D1BF1268B008B3C6C /* Release */ = {
			isa = XCBuildConfiguration;
			buildSettings = {
				INFOPLIST_FILE = "SECH BrowserUITests/Info.plist";
				LD_RUNPATH_SEARCH_PATHS = "$(inherited) @executable_path/Frameworks @loader_path/Frameworks";
				PRODUCT_BUNDLE_IDENTIFIER = "Hof-University.SECH-BrowserUITests";
				PRODUCT_NAME = "$(TARGET_NAME)";
				TEST_TARGET_NAME = "SECH Browser";
				USES_XCTRUNNER = YES;
			};
			name = Release;
		};
/* End XCBuildConfiguration section */

/* Begin XCConfigurationList section */
		DF673E281BF1268B008B3C6C /* Build configuration list for PBXProject "SECH Browser" */ = {
			isa = XCConfigurationList;
			buildConfigurations = (
				DF673E531BF1268B008B3C6C /* Debug */,
				DF673E541BF1268B008B3C6C /* Release */,
			);
			defaultConfigurationIsVisible = 0;
			defaultConfigurationName = Release;
		};
		DF673E551BF1268B008B3C6C /* Build configuration list for PBXNativeTarget "SECH Browser" */ = {
			isa = XCConfigurationList;
			buildConfigurations = (
				DF673E561BF1268B008B3C6C /* Debug */,
				DF673E571BF1268B008B3C6C /* Release */,
			);
			defaultConfigurationIsVisible = 0;
		};
		DF673E581BF1268B008B3C6C /* Build configuration list for PBXNativeTarget "SECH BrowserTests" */ = {
			isa = XCConfigurationList;
			buildConfigurations = (
				DF673E591BF1268B008B3C6C /* Debug */,
				DF673E5A1BF1268B008B3C6C /* Release */,
			);
			defaultConfigurationIsVisible = 0;
		};
		DF673E5B1BF1268B008B3C6C /* Build configuration list for PBXNativeTarget "SECH BrowserUITests" */ = {
			isa = XCConfigurationList;
			buildConfigurations = (
				DF673E5C1BF1268B008B3C6C /* Debug */,
				DF673E5D1BF1268B008B3C6C /* Release */,
			);
			defaultConfigurationIsVisible = 0;
		};
/* End XCConfigurationList section */
	};
	rootObject = DF673E251BF1268B008B3C6C /* Project object */;
}
